
Microsoft Visual Studio Solution File, Format Version 12.00
# Visual Studio Version 17
VisualStudioVersion = 17.5.002.0
MinimumVisualStudioVersion = 10.0.40219.1
Project("{9A19103F-16F7-4668-BE54-9A1E7A4F7556}") = "FormulaDoPadeiro", "FormulaDoPadeiro.csproj", "{CEE5E40C-0A82-4331-995D-48DEA62EB75E}"
EndProject
Global
	GlobalSection(SolutionConfigurationPlatforms) = preSolution
		Debug|Any CPU = Debug|Any CPU
		Release|Any CPU = Release|Any CPU
	EndGlobalSection
	GlobalSection(ProjectConfigurationPlatforms) = postSolution
		{CEE5E40C-0A82-4331-995D-48DEA62EB75E}.Debug|Any CPU.ActiveCfg = Debug|Any CPU
		{CEE5E40C-0A82-4331-995D-48DEA62EB75E}.Debug|Any CPU.Build.0 = Debug|Any CPU
		{CEE5E40C-0A82-4331-995D-48DEA62EB75E}.Release|Any CPU.ActiveCfg = Release|Any CPU
		{CEE5E40C-0A82-4331-995D-48DEA62EB75E}.Release|Any CPU.Build.0 = Release|Any CPU
	EndGlobalSection
	GlobalSection(SolutionProperties) = preSolution
		HideSolutionNode = FALSE
	EndGlobalSection
	GlobalSection(ExtensibilityGlobals) = postSolution
		SolutionGuid = {60187DBD-DABB-4AF6-A398-A6DDE87D2BCF}
	EndGlobalSection
EndGlobal
